
Microsoft Visual Studio Solution File, Format Version 12.00
# Visual Studio 15
VisualStudioVersion = 15.0.28307.106
MinimumVisualStudioVersion = 10.0.40219.1
Project("{FAE04EC0-301F-11D3-BF4B-00C04F79EFBC}") = "GreenThumb.WebMVC", "GreenThumb.WebMVC\GreenThumb.WebMVC.csproj", "{6D5A2908-EA92-4B54-83AB-C1147A9643DD}"
EndProject
Global
	GlobalSection(SolutionConfigurationPlatforms) = preSolution
		Debug|Any CPU = Debug|Any CPU
		Release|Any CPU = Release|Any CPU
	EndGlobalSection
	GlobalSection(ProjectConfigurationPlatforms) = postSolution
		{6D5A2908-EA92-4B54-83AB-C1147A9643DD}.Debug|Any CPU.ActiveCfg = Debug|Any CPU
		{6D5A2908-EA92-4B54-83AB-C1147A9643DD}.Debug|Any CPU.Build.0 = Debug|Any CPU
		{6D5A2908-EA92-4B54-83AB-C1147A9643DD}.Release|Any CPU.ActiveCfg = Release|Any CPU
		{6D5A2908-EA92-4B54-83AB-C1147A9643DD}.Release|Any CPU.Build.0 = Release|Any CPU
	EndGlobalSection
	GlobalSection(SolutionProperties) = preSolution
		HideSolutionNode = FALSE
	EndGlobalSection
	GlobalSection(ExtensibilityGlobals) = postSolution
		SolutionGuid = {BBCBE15E-155E-46FE-AEB4-D1135D12C8BB}
	EndGlobalSection
EndGlobal
